
Microsoft Visual Studio Solution File, Format Version 12.00
# Visual Studio 2012
Project("{FAE04EC0-301F-11D3-BF4B-00C04F79EFBC}") = "CSIdb_SMS", "CSIdb\CSIdb_SMS.csproj", "{23C8E97E-9350-4BE9-A41B-08A9F1F8D243}"
EndProject
Global
	GlobalSection(SolutionConfigurationPlatforms) = preSolution
		Debug|x86 = Debug|x86
		Release|x86 = Release|x86
	EndGlobalSection
	GlobalSection(ProjectConfigurationPlatforms) = postSolution
		{23C8E97E-9350-4BE9-A41B-08A9F1F8D243}.Debug|x86.ActiveCfg = Release|x86
		{23C8E97E-9350-4BE9-A41B-08A9F1F8D243}.Debug|x86.Build.0 = Release|x86
		{23C8E97E-9350-4BE9-A41B-08A9F1F8D243}.Release|x86.ActiveCfg = Release|x86
		{23C8E97E-9350-4BE9-A41B-08A9F1F8D243}.Release|x86.Build.0 = Release|x86
	EndGlobalSection
	GlobalSection(SolutionProperties) = preSolution
		HideSolutionNode = FALSE
	EndGlobalSection
EndGlobal
